// !$*UTF8*$!
{
	archiveVersion = 1;
	classes = {
	};
	objectVersion = 50;
	objects = {

/* Begin PBXBuildFile section */
		B4EACE6822066A1500F4A4E9 /* AppDelegate.swift in Sources */ = {isa = PBXBuildFile; fileRef = B4EACE6722066A1500F4A4E9 /* AppDelegate.swift */; };
		B4EACE6A22066A1500F4A4E9 /* ViewController.swift in Sources */ = {isa = PBXBuildFile; fileRef = B4EACE6922066A1500F4A4E9 /* ViewController.swift */; };
		B4EACE6D22066A1500F4A4E9 /* Main.storyboard in Resources */ = {isa = PBXBuildFile; fileRef = B4EACE6B22066A1500F4A4E9 /* Main.storyboard */; };
		B4EACE6F22066A1900F4A4E9 /* Assets.xcassets in Resources */ = {isa = PBXBuildFile; fileRef = B4EACE6E22066A1900F4A4E9 /* Assets.xcassets */; };
		B4EACE7222066A1900F4A4E9 /* LaunchScreen.storyboard in Resources */ = {isa = PBXBuildFile; fileRef = B4EACE7022066A1900F4A4E9 /* LaunchScreen.storyboard */; };
		B4EACE7D22066A1A00F4A4E9 /* Tip_CalculatorTests.swift in Sources */ = {isa = PBXBuildFile; fileRef = B4EACE7C22066A1A00F4A4E9 /* Tip_CalculatorTests.swift */; };
		B4EACE8822066A1A00F4A4E9 /* Tip_CalculatorUITests.swift in Sources */ = {isa = PBXBuildFile; fileRef = B4EACE8722066A1A00F4A4E9 /* Tip_CalculatorUITests.swift */; };
/* End PBXBuildFile section */

/* Begin PBXContainerItemProxy section */
		B4EACE7922066A1A00F4A4E9 /* PBXContainerItemProxy */ = {
			isa = PBXContainerItemProxy;
			containerPortal = B4EACE5C22066A1400F4A4E9 /* Project object */;
			proxyType = 1;
			remoteGlobalIDString = B4EACE6322066A1500F4A4E9;
			remoteInfo = "Tip Calculator";
		};
		B4EACE8422066A1A00F4A4E9 /* PBXContainerItemProxy */ = {
			isa = PBXContainerItemProxy;
			containerPortal = B4EACE5C22066A1400F4A4E9 /* Project object */;
			proxyType = 1;
			remoteGlobalIDString = B4EACE6322066A1500F4A4E9;
			remoteInfo = "Tip Calculator";
		};
/* End PBXContainerItemProxy section */

/* Begin PBXFileReference section */
		B4EACE6422066A1500F4A4E9 /* Tip Calculator.app */ = {isa = PBXFileReference; explicitFileType = wrapper.application; includeInIndex = 0; path = "Tip Calculator.app"; sourceTree = BUILT_PRODUCTS_DIR; };
		B4EACE6722066A1500F4A4E9 /* AppDelegate.swift */ = {isa = PBXFileReference; lastKnownFileType = sourcecode.swift; path = AppDelegate.swift; sourceTree = "<group>"; };
		B4EACE6922066A1500F4A4E9 /* ViewController.swift */ = {isa = PBXFileReference; lastKnownFileType = sourcecode.swift; path = ViewController.swift; sourceTree = "<group>"; };
		B4EACE6C22066A1500F4A4E9 /* Base */ = {isa = PBXFileReference; lastKnownFileType = file.storyboard; name = Base; path = Base.lproj/Main.storyboard; sourceTree = "<group>"; };
		B4EACE6E22066A1900F4A4E9 /* Assets.xcassets */ = {isa = PBXFileReference; lastKnownFileType = folder.assetcatalog; path = Assets.xcassets; sourceTree = "<group>"; };
		B4EACE7122066A1900F4A4E9 /* Base */ = {isa = PBXFileReference; lastKnownFileType = file.storyboard; name = Base; path = Base.lproj/LaunchScreen.storyboard; sourceTree = "<group>"; };
		B4EACE7322066A1900F4A4E9 /* Info.plist */ = {isa = PBXFileReference; lastKnownFileType = text.plist.xml; path = Info.plist; sourceTree = "<group>"; };
		B4EACE7822066A1A00F4A4E9 /* Tip CalculatorTests.xctest */ = {isa = PBXFileReference; explicitFileType = wrapper.cfbundle; includeInIndex = 0; path = "Tip CalculatorTests.xctest"; sourceTree = BUILT_PRODUCTS_DIR; };
		B4EACE7C22066A1A00F4A4E9 /* Tip_CalculatorTests.swift */ = {isa = PBXFileReference; lastKnownFileType = sourcecode.swift; path = Tip_CalculatorTests.swift; sourceTree = "<group>"; };
		B4EACE7E22066A1A00F4A4E9 /* Info.plist */ = {isa = PBXFileReference; lastKnownFileType = text.plist.xml; path = Info.plist; sourceTree = "<group>"; };
		B4EACE8322066A1A00F4A4E9 /* Tip CalculatorUITests.xctest */ = {isa = PBXFileReference; explicitFileType = wrapper.cfbundle; includeInIndex = 0; path = "Tip CalculatorUITests.xctest"; sourceTree = BUILT_PRODUCTS_DIR; };
		B4EACE8722066A1A00F4A4E9 /* Tip_CalculatorUITests.swift */ = {isa = PBXFileReference; lastKnownFileType = sourcecode.swift; path = Tip_CalculatorUITests.swift; sourceTree = "<group>"; };
		B4EACE8922066A1A00F4A4E9 /* Info.plist */ = {isa = PBXFileReference; lastKnownFileType = text.plist.xml; path = Info.plist; sourceTree = "<group>"; };
/* End PBXFileReference section */

/* Begin PBXFrameworksBuildPhase section */
		B4EACE6122066A1500F4A4E9 /* Frameworks */ = {
			isa = PBXFrameworksBuildPhase;
			buildActionMask = 2147483647;
			files = (
			);
			runOnlyForDeploymentPostprocessing = 0;
		};
		B4EACE7522066A1A00F4A4E9 /* Frameworks */ = {
			isa = PBXFrameworksBuildPhase;
			buildActionMask = 2147483647;
			files = (
			);
			runOnlyForDeploymentPostprocessing = 0;
		};
		B4EACE8022066A1A00F4A4E9 /* Frameworks */ = {
			isa = PBXFrameworksBuildPhase;
			buildActionMask = 2147483647;
			files = (
			);
			runOnlyForDeploymentPostprocessing = 0;
		};
/* End PBXFrameworksBuildPhase section */

/* Begin PBXGroup section */
		B4EACE5B22066A1400F4A4E9 = {
			isa = PBXGroup;
			children = (
				B4EACE6622066A1500F4A4E9 /* Tip Calculator */,
				B4EACE7B22066A1A00F4A4E9 /* Tip CalculatorTests */,
				B4EACE8622066A1A00F4A4E9 /* Tip CalculatorUITests */,
				B4EACE6522066A1500F4A4E9 /* Products */,
			);
			sourceTree = "<group>";
		};
		B4EACE6522066A1500F4A4E9 /* Products */ = {
			isa = PBXGroup;
			children = (
				B4EACE6422066A1500F4A4E9 /* Tip Calculator.app */,
				B4EACE7822066A1A00F4A4E9 /* Tip CalculatorTests.xctest */,
				B4EACE8322066A1A00F4A4E9 /* Tip CalculatorUITests.xctest */,
			);
			name = Products;
			sourceTree = "<group>";
		};
		B4EACE6622066A1500F4A4E9 /* Tip Calculator */ = {
			isa = PBXGroup;
			children = (
				B4EACE6722066A1500F4A4E9 /* AppDelegate.swift */,
				B4EACE6922066A1500F4A4E9 /* ViewController.swift */,
				B4EACE6B22066A1500F4A4E9 /* Main.storyboard */,
				B4EACE6E22066A1900F4A4E9 /* Assets.xcassets */,
				B4EACE7022066A1900F4A4E9 /* LaunchScreen.storyboard */,
				B4EACE7322066A1900F4A4E9 /* Info.plist */,
			);
			path = "Tip Calculator";
			sourceTree = "<group>";
		};
		B4EACE7B22066A1A00F4A4E9 /* Tip CalculatorTests */ = {
			isa = PBXGroup;
			children = (
				B4EACE7C22066A1A00F4A4E9 /* Tip_CalculatorTests.swift */,
				B4EACE7E22066A1A00F4A4E9 /* Info.plist */,
			);
			path = "Tip CalculatorTests";
			sourceTree = "<group>";
		};
		B4EACE8622066A1A00F4A4E9 /* Tip CalculatorUITests */ = {
			isa = PBXGroup;
			children = (
				B4EACE8722066A1A00F4A4E9 /* Tip_CalculatorUITests.swift */,
				B4EACE8922066A1A00F4A4E9 /* Info.plist */,
			);
			path = "Tip CalculatorUITests";
			sourceTree = "<group>";
		};
/* End PBXGroup section */

/* Begin PBXNativeTarget section */
		B4EACE6322066A1500F4A4E9 /* Tip Calculator */ = {
			isa = PBXNativeTarget;
			buildConfigurationList = B4EACE8C22066A1A00F4A4E9 /* Build configuration list for PBXNativeTarget "Tip Calculator" */;
			buildPhases = (
				B4EACE6022066A1500F4A4E9 /* Sources */,
				B4EACE6122066A1500F4A4E9 /* Frameworks */,
				B4EACE6222066A1500F4A4E9 /* Resources */,
			);
			buildRules = (
			);
			dependencies = (
			);
			name = "Tip Calculator";
			productName = "Tip Calculator";
			productReference = B4EACE6422066A1500F4A4E9 /* Tip Calculator.app */;
			productType = "com.apple.product-type.application";
		};
		B4EACE7722066A1A00F4A4E9 /* Tip CalculatorTests */ = {
			isa = PBXNativeTarget;
			buildConfigurationList = B4EACE8F22066A1A00F4A4E9 /* Build configuration list for PBXNativeTarget "Tip CalculatorTests" */;
			buildPhases = (
				B4EACE7422066A1A00F4A4E9 /* Sources */,
				B4EACE7522066A1A00F4A4E9 /* Frameworks */,
				B4EACE7622066A1A00F4A4E9 /* Resources */,
			);
			buildRules = (
			);
			dependencies = (
				B4EACE7A22066A1A00F4A4E9 /* PBXTargetDependency */,
			);
			name = "Tip CalculatorTests";
			productName = "Tip CalculatorTests";
			productReference = B4EACE7822066A1A00F4A4E9 /* Tip CalculatorTests.xctest */;
			productType = "com.apple.product-type.bundle.unit-test";
		};
		B4EACE8222066A1A00F4A4E9 /* Tip CalculatorUITests */ = {
			isa = PBXNativeTarget;
			buildConfigurationList = B4EACE9222066A1A00F4A4E9 /* Build configuration list for PBXNativeTarget "Tip CalculatorUITests" */;
			buildPhases = (
				B4EACE7F22066A1A00F4A4E9 /* Sources */,
				B4EACE8022066A1A00F4A4E9 /* Frameworks */,
				B4EACE8122066A1A00F4A4E9 /* Resources */,
			);
			buildRules = (
			);
			dependencies = (
				B4EACE8522066A1A00F4A4E9 /* PBXTargetDependency */,
			);
			name = "Tip CalculatorUITests";
			productName = "Tip CalculatorUITests";
			productReference = B4EACE8322066A1A00F4A4E9 /* Tip CalculatorUITests.xctest */;
			productType = "com.apple.product-type.bundle.ui-testing";
		};
/* End PBXNativeTarget section */

/* Begin PBXProject section */
		B4EACE5C22066A1400F4A4E9 /* Project object */ = {
			isa = PBXProject;
			attributes = {
				LastSwiftUpdateCheck = 1010;
				LastUpgradeCheck = 1010;
				ORGANIZATIONNAME = "Guangyi Shang";
				TargetAttributes = {
					B4EACE6322066A1500F4A4E9 = {
						CreatedOnToolsVersion = 10.1;
					};
					B4EACE7722066A1A00F4A4E9 = {
						CreatedOnToolsVersion = 10.1;
						TestTargetID = B4EACE6322066A1500F4A4E9;
					};
					B4EACE8222066A1A00F4A4E9 = {
						CreatedOnToolsVersion = 10.1;
						TestTargetID = B4EACE6322066A1500F4A4E9;
					};
				};
			};
			buildConfigurationList = B4EACE5F22066A1400F4A4E9 /* Build configuration list for PBXProject "Tip Calculator" */;
			compatibilityVersion = "Xcode 9.3";
			developmentRegion = en;
			hasScannedForEncodings = 0;
			knownRegions = (
				en,
				Base,
			);
			mainGroup = B4EACE5B22066A1400F4A4E9;
			productRefGroup = B4EACE6522066A1500F4A4E9 /* Products */;
			projectDirPath = "";
			projectRoot = "";
			targets = (
				B4EACE6322066A1500F4A4E9 /* Tip Calculator */,
				B4EACE7722066A1A00F4A4E9 /* Tip CalculatorTests */,
				B4EACE8222066A1A00F4A4E9 /* Tip CalculatorUITests */,
			);
		};
/* End PBXProject section */

/* Begin PBXResourcesBuildPhase section */
		B4EACE6222066A1500F4A4E9 /* Resources */ = {
			isa = PBXResourcesBuildPhase;
			buildActionMask = 2147483647;
			files = (
				B4EACE7222066A1900F4A4E9 /* LaunchScreen.storyboard in Resources */,
				B4EACE6F22066A1900F4A4E9 /* Assets.xcassets in Resources */,
				B4EACE6D22066A1500F4A4E9 /* Main.storyboard in Resources */,
			);
			runOnlyForDeploymentPostprocessing = 0;
		};
		B4EACE7622066A1A00F4A4E9 /* Resources */ = {
			isa = PBXResourcesBuildPhase;
			buildActionMask = 2147483647;
			files = (
			);
			runOnlyForDeploymentPostprocessing = 0;
		};
		B4EACE8122066A1A00F4A4E9 /* Resources */ = {
			isa = PBXResourcesBuildPhase;
			buildActionMask = 2147483647;
			files = (
			);
			runOnlyForDeploymentPostprocessing = 0;
		};
/* End PBXResourcesBuildPhase section */

/* Begin PBXSourcesBuildPhase section */
		B4EACE6022066A1500F4A4E9 /* Sources */ = {
			isa = PBXSourcesBuildPhase;
			buildActionMask = 2147483647;
			files = (
				B4EACE6A22066A1500F4A4E9 /* ViewController.swift in Sources */,
				B4EACE6822066A1500F4A4E9 /* AppDelegate.swift in Sources */,
			);
			runOnlyForDeploymentPostprocessing = 0;
		};
		B4EACE7422066A1A00F4A4E9 /* Sources */ = {
			isa = PBXSourcesBuildPhase;
			buildActionMask = 2147483647;
			files = (
				B4EACE7D22066A1A00F4A4E9 /* Tip_CalculatorTests.swift in Sources */,
			);
			runOnlyForDeploymentPostprocessing = 0;
		};
		B4EACE7F22066A1A00F4A4E9 /* Sources */ = {
			isa = PBXSourcesBuildPhase;
			buildActionMask = 2147483647;
			files = (
				B4EACE8822066A1A00F4A4E9 /* Tip_CalculatorUITests.swift in Sources */,
			);
			runOnlyForDeploymentPostprocessing = 0;
		};
/* End PBXSourcesBuildPhase section */

/* Begin PBXTargetDependency section */
		B4EACE7A22066A1A00F4A4E9 /* PBXTargetDependency */ = {
			isa = PBXTargetDependency;
			target = B4EACE6322066A1500F4A4E9 /* Tip Calculator */;
			targetProxy = B4EACE7922066A1A00F4A4E9 /* PBXContainerItemProxy */;
		};
		B4EACE8522066A1A00F4A4E9 /* PBXTargetDependency */ = {
			isa = PBXTargetDependency;
			target = B4EACE6322066A1500F4A4E9 /* Tip Calculator */;
			targetProxy = B4EACE8422066A1A00F4A4E9 /* PBXContainerItemProxy */;
		};
/* End PBXTargetDependency section */

/* Begin PBXVariantGroup section */
		B4EACE6B22066A1500F4A4E9 /* Main.storyboard */ = {
			isa = PBXVariantGroup;
			children = (
				B4EACE6C22066A1500F4A4E9 /* Base */,
			);
			name = Main.storyboard;
			sourceTree = "<group>";
		};
		B4EACE7022066A1900F4A4E9 /* LaunchScreen.storyboard */ = {
			isa = PBXVariantGroup;
			children = (
				B4EACE7122066A1900F4A4E9 /* Base */,
			);
			name = LaunchScreen.storyboard;
			sourceTree = "<group>";
		};
/* End PBXVariantGroup section */

/* Begin XCBuildConfiguration section */
		B4EACE8A22066A1A00F4A4E9 /* Debug */ = {
			isa = XCBuildConfiguration;
			buildSettings = {
				ALWAYS_SEARCH_USER_PATHS = NO;
				CLANG_ANALYZER_NONNULL = YES;
				CLANG_ANALYZER_NUMBER_OBJECT_CONVERSION = YES_AGGRESSIVE;
				CLANG_CXX_LANGUAGE_STANDARD = "gnu++14";
				CLANG_CXX_LIBRARY = "libc++";
				CLANG_ENABLE_MODULES = YES;
				CLANG_ENABLE_OBJC_ARC = YES;
				CLANG_ENABLE_OBJC_WEAK = YES;
				CLANG_WARN_BLOCK_CAPTURE_AUTORELEASING = YES;
				CLANG_WARN_BOOL_CONVERSION = YES;
				CLANG_WARN_COMMA = YES;
				CLANG_WARN_CONSTANT_CONVERSION = YES;
				CLANG_WARN_DEPRECATED_OBJC_IMPLEMENTATIONS = YES;
				CLANG_WARN_DIRECT_OBJC_ISA_USAGE = YES_ERROR;
				CLANG_WARN_DOCUMENTATION_COMMENTS = YES;
				CLANG_WARN_EMPTY_BODY = YES;
				CLANG_WARN_ENUM_CONVERSION = YES;
				CLANG_WARN_INFINITE_RECURSION = YES;
				CLANG_WARN_INT_CONVERSION = YES;
				CLANG_WARN_NON_LITERAL_NULL_CONVERSION = YES;
				CLANG_WARN_OBJC_IMPLICIT_RETAIN_SELF = YES;
				CLANG_WARN_OBJC_LITERAL_CONVERSION = YES;
				CLANG_WARN_OBJC_ROOT_CLASS = YES_ERROR;
				CLANG_WARN_RANGE_LOOP_ANALYSIS = YES;
				CLANG_WARN_STRICT_PROTOTYPES = YES;
				CLANG_WARN_SUSPICIOUS_MOVE = YES;
				CLANG_WARN_UNGUARDED_AVAILABILITY = YES_AGGRESSIVE;
				CLANG_WARN_UNREACHABLE_CODE = YES;
				CLANG_WARN__DUPLICATE_METHOD_MATCH = YES;
				CODE_SIGN_IDENTITY = "iPhone Developer";
				COPY_PHASE_STRIP = NO;
				DEBUG_INFORMATION_FORMAT = dwarf;
				ENABLE_STRICT_OBJC_MSGSEND = YES;
				ENABLE_TESTABILITY = YES;
				GCC_C_LANGUAGE_STANDARD = gnu11;
				GCC_DYNAMIC_NO_PIC = NO;
				GCC_NO_COMMON_BLOCKS = YES;
				GCC_OPTIMIZATION_LEVEL = 0;
				GCC_PREPROCESSOR_DEFINITIONS = (
					"DEBUG=1",
					"$(inherited)",
				);
				GCC_WARN_64_TO_32_BIT_CONVERSION = YES;
				GCC_WARN_ABOUT_RETURN_TYPE = YES_ERROR;
				GCC_WARN_UNDECLARED_SELECTOR = YES;
				GCC_WARN_UNINITIALIZED_AUTOS = YES_AGGRESSIVE;
				GCC_WARN_UNUSED_FUNCTION = YES;
				GCC_WARN_UNUSED_VARIABLE = YES;
				IPHONEOS_DEPLOYMENT_TARGET = 12.1;
				MTL_ENABLE_DEBUG_INFO = INCLUDE_SOURCE;
				MTL_FAST_MATH = YES;
				ONLY_ACTIVE_ARCH = YES;
				SDKROOT = iphoneos;
				SWIFT_ACTIVE_COMPILATION_CONDITIONS = DEBUG;
				SWIFT_OPTIMIZATION_LEVEL = "-Onone";
			};
			name = Debug;
		};
		B4EACE8B22066A1A00F4A4E9 /* Release */ = {
			isa = XCBuildConfiguration;
			buildSettings = {
				ALWAYS_SEARCH_USER_PATHS = NO;
				CLANG_ANALYZER_NONNULL = YES;
				CLANG_ANALYZER_NUMBER_OBJECT_CONVERSION = YES_AGGRESSIVE;
				CLANG_CXX_LANGUAGE_STANDARD = "gnu++14";
				CLANG_CXX_LIBRARY = "libc++";
				CLANG_ENABLE_MODULES = YES;
				CLANG_ENABLE_OBJC_ARC = YES;
				CLANG_ENABLE_OBJC_WEAK = YES;
				CLANG_WARN_BLOCK_CAPTURE_AUTORELEASING = YES;
				CLANG_WARN_BOOL_CONVERSION = YES;
				CLANG_WARN_COMMA = YES;
				CLANG_WARN_CONSTANT_CONVERSION = YES;
				CLANG_WARN_DEPRECATED_OBJC_IMPLEMENTATIONS = YES;
				CLANG_WARN_DIRECT_OBJC_ISA_USAGE = YES_ERROR;
				CLANG_WARN_DOCUMENTATION_COMMENTS = YES;
				CLANG_WARN_EMPTY_BODY = YES;
				CLANG_WARN_ENUM_CONVERSION = YES;
				CLANG_WARN_INFINITE_RECURSION = YES;
				CLANG_WARN_INT_CONVERSION = YES;
				CLANG_WARN_NON_LITERAL_NULL_CONVERSION = YES;
				CLANG_WARN_OBJC_IMPLICIT_RETAIN_SELF = YES;
				CLANG_WARN_OBJC_LITERAL_CONVERSION = YES;
				CLANG_WARN_OBJC_ROOT_CLASS = YES_ERROR;
				CLANG_WARN_RANGE_LOOP_ANALYSIS = YES;
				CLANG_WARN_STRICT_PROTOTYPES = YES;
				CLANG_WARN_SUSPICIOUS_MOVE = YES;
				CLANG_WARN_UNGUARDED_AVAILABILITY = YES_AGGRESSIVE;
				CLANG_WARN_UNREACHABLE_CODE = YES;
				CLANG_WARN__DUPLICATE_METHOD_MATCH = YES;
				CODE_SIGN_IDENTITY = "iPhone Developer";
				COPY_PHASE_STRIP = NO;
				DEBUG_INFORMATION_FORMAT = "dwarf-with-dsym";
				ENABLE_NS_ASSERTIONS = NO;
				ENABLE_STRICT_OBJC_MSGSEND = YES;
				GCC_C_LANGUAGE_STANDARD = gnu11;
				GCC_NO_COMMON_BLOCKS = YES;
				GCC_WARN_64_TO_32_BIT_CONVERSION = YES;
				GCC_WARN_ABOUT_RETURN_TYPE = YES_ERROR;
				GCC_WARN_UNDECLARED_SELECTOR = YES;
				GCC_WARN_UNINITIALIZED_AUTOS = YES_AGGRESSIVE;
				GCC_WARN_UNUSED_FUNCTION = YES;
				GCC_WARN_UNUSED_VARIABLE = YES;
				IPHONEOS_DEPLOYMENT_TARGET = 12.1;
				MTL_ENABLE_DEBUG_INFO = NO;
				MTL_FAST_MATH = YES;
				SDKROOT = iphoneos;
				SWIFT_COMPILATION_MODE = wholemodule;
				SWIFT_OPTIMIZATION_LEVEL = "-O";
				VALIDATE_PRODUCT = YES;
			};
			name = Release;
		};
		B4EACE8D22066A1A00F4A4E9 /* Debug */ = {
			isa = XCBuildConfiguration;
			buildSettings = {
				ASSETCATALOG_COMPILER_APPICON_NAME = AppIcon;
				CODE_SIGN_STYLE = Automatic;
				DEVELOPMENT_TEAM = LKD6L92ARV;
				INFOPLIST_FILE = "Tip Calculator/Info.plist";
				LD_RUNPATH_SEARCH_PATHS = (
					"$(inherited)",
					"@executable_path/Frameworks",
				);
				PRODUCT_BUNDLE_IDENTIFIER = "com.guangyishang.Tip-Calculator";
				PRODUCT_NAME = "$(TARGET_NAME)";
				SWIFT_VERSION = 4.2;
				TARGETED_DEVICE_FAMILY = "1,2";
			};
			name = Debug;
		};
		B4EACE8E22066A1A00F4A4E9 /* Release */ = {
			isa = XCBuildConfiguration;
			buildSettings = {
				ASSETCATALOG_COMPILER_APPICON_NAME = AppIcon;
				CODE_SIGN_STYLE = Automatic;
				DEVELOPMENT_TEAM = LKD6L92ARV;
				INFOPLIST_FILE = "Tip Calculator/Info.plist";
				LD_RUNPATH_SEARCH_PATHS = (
					"$(inherited)",
					"@executable_path/Frameworks",
				);
				PRODUCT_BUNDLE_IDENTIFIER = "com.guangyishang.Tip-Calculator";
				PRODUCT_NAME = "$(TARGET_NAME)";
				SWIFT_VERSION = 4.2;
				TARGETED_DEVICE_FAMILY = "1,2";
			};
			name = Release;
		};
		B4EACE9022066A1A00F4A4E9 /* Debug */ = {
			isa = XCBuildConfiguration;
			buildSettings = {
				ALWAYS_EMBED_SWIFT_STANDARD_LIBRARIES = YES;
				BUNDLE_LOADER = "$(TEST_HOST)";
				CODE_SIGN_STYLE = Automatic;
				DEVELOPMENT_TEAM = LKD6L92ARV;
				INFOPLIST_FILE = "Tip CalculatorTests/Info.plist";
				LD_RUNPATH_SEARCH_PATHS = (
					"$(inherited)",
					"@executable_path/Frameworks",
					"@loader_path/Frameworks",
				);
				PRODUCT_BUNDLE_IDENTIFIER = "com.guangyishang.Tip-CalculatorTests";
				PRODUCT_NAME = "$(TARGET_NAME)";
				SWIFT_VERSION = 4.2;
				TARGETED_DEVICE_FAMILY = "1,2";
				TEST_HOST = "$(BUILT_PRODUCTS_DIR)/Tip Calculator.app/Tip Calculator";
			};
			name = Debug;
		};
		B4EACE9122066A1A00F4A4E9 /* Release */ = {
			isa = XCBuildConfiguration;
			buildSettings = {
				ALWAYS_EMBED_SWIFT_STANDARD_LIBRARIES = YES;
				BUNDLE_LOADER = "$(TEST_HOST)";
				CODE_SIGN_STYLE = Automatic;
				DEVELOPMENT_TEAM = LKD6L92ARV;
				INFOPLIST_FILE = "Tip CalculatorTests/Info.plist";
				LD_RUNPATH_SEARCH_PATHS = (
					"$(inherited)",
					"@executable_path/Frameworks",
					"@loader_path/Frameworks",
				);
				PRODUCT_BUNDLE_IDENTIFIER = "com.guangyishang.Tip-CalculatorTests";
				PRODUCT_NAME = "$(TARGET_NAME)";
				SWIFT_VERSION = 4.2;
				TARGETED_DEVICE_FAMILY = "1,2";
				TEST_HOST = "$(BUILT_PRODUCTS_DIR)/Tip Calculator.app/Tip Calculator";
			};
			name = Release;
		};
		B4EACE9322066A1A00F4A4E9 /* Debug */ = {
			isa = XCBuildConfiguration;
			buildSettings = {
				ALWAYS_EMBED_SWIFT_STANDARD_LIBRARIES = YES;
				CODE_SIGN_STYLE = Automatic;
				DEVELOPMENT_TEAM = LKD6L92ARV;
				INFOPLIST_FILE = "Tip CalculatorUITests/Info.plist";
				LD_RUNPATH_SEARCH_PATHS = (
					"$(inherited)",
					"@executable_path/Frameworks",
					"@loader_path/Frameworks",
				);
				PRODUCT_BUNDLE_IDENTIFIER = "com.guangyishang.Tip-CalculatorUITests";
				PRODUCT_NAME = "$(TARGET_NAME)";
				SWIFT_VERSION = 4.2;
				TARGETED_DEVICE_FAMILY = "1,2";
				TEST_TARGET_NAME = "Tip Calculator";
			};
			name = Debug;
		};
		B4EACE9422066A1A00F4A4E9 /* Release */ = {
			isa = XCBuildConfiguration;
			buildSettings = {
				ALWAYS_EMBED_SWIFT_STANDARD_LIBRARIES = YES;
				CODE_SIGN_STYLE = Automatic;
				DEVELOPMENT_TEAM = LKD6L92ARV;
				INFOPLIST_FILE = "Tip CalculatorUITests/Info.plist";
				LD_RUNPATH_SEARCH_PATHS = (
					"$(inherited)",
					"@executable_path/Frameworks",
					"@loader_path/Frameworks",
				);
				PRODUCT_BUNDLE_IDENTIFIER = "com.guangyishang.Tip-CalculatorUITests";
				PRODUCT_NAME = "$(TARGET_NAME)";
				SWIFT_VERSION = 4.2;
				TARGETED_DEVICE_FAMILY = "1,2";
				TEST_TARGET_NAME = "Tip Calculator";
			};
			name = Release;
		};
/* End XCBuildConfiguration section */

/* Begin XCConfigurationList section */
		B4EACE5F22066A1400F4A4E9 /* Build configuration list for PBXProject "Tip Calculator" */ = {
			isa = XCConfigurationList;
			buildConfigurations = (
				B4EACE8A22066A1A00F4A4E9 /* Debug */,
				B4EACE8B22066A1A00F4A4E9 /* Release */,
			);
			defaultConfigurationIsVisible = 0;
			defaultConfigurationName = Release;
		};
		B4EACE8C22066A1A00F4A4E9 /* Build configuration list for PBXNativeTarget "Tip Calculator" */ = {
			isa = XCConfigurationList;
			buildConfigurations = (
				B4EACE8D22066A1A00F4A4E9 /* Debug */,
				B4EACE8E22066A1A00F4A4E9 /* Release */,
			);
			defaultConfigurationIsVisible = 0;
			defaultConfigurationName = Release;
		};
		B4EACE8F22066A1A00F4A4E9 /* Build configuration list for PBXNativeTarget "Tip CalculatorTests" */ = {
			isa = XCConfigurationList;
			buildConfigurations = (
				B4EACE9022066A1A00F4A4E9 /* Debug */,
				B4EACE9122066A1A00F4A4E9 /* Release */,
			);
			defaultConfigurationIsVisible = 0;
			defaultConfigurationName = Release;
		};
		B4EACE9222066A1A00F4A4E9 /* Build configuration list for PBXNativeTarget "Tip CalculatorUITests" */ = {
			isa = XCConfigurationList;
			buildConfigurations = (
				B4EACE9322066A1A00F4A4E9 /* Debug */,
				B4EACE9422066A1A00F4A4E9 /* Release */,
			);
			defaultConfigurationIsVisible = 0;
			defaultConfigurationName = Release;
		};
/* End XCConfigurationList section */
	};
	rootObject = B4EACE5C22066A1400F4A4E9 /* Project object */;
}
